// !$*UTF8*$!
{
	archiveVersion = 1;
	classes = {
	};
	objectVersion = 50;
	objects = {

/* Begin PBXBuildFile section */
		C224B4A4236882B5009F86BF /* AppDelegate.swift in Sources */ = {isa = PBXBuildFile; fileRef = C224B4A3236882B5009F86BF /* AppDelegate.swift */; };
		C224B4A6236882B5009F86BF /* SceneDelegate.swift in Sources */ = {isa = PBXBuildFile; fileRef = C224B4A5236882B5009F86BF /* SceneDelegate.swift */; };
		C224B4A8236882B5009F86BF /* ContentView.swift in Sources */ = {isa = PBXBuildFile; fileRef = C224B4A7236882B5009F86BF /* ContentView.swift */; };
		C224B4AA236882BB009F86BF /* Assets.xcassets in Resources */ = {isa = PBXBuildFile; fileRef = C224B4A9236882BB009F86BF /* Assets.xcassets */; };
		C224B4AD236882BB009F86BF /* Preview Assets.xcassets in Resources */ = {isa = PBXBuildFile; fileRef = C224B4AC236882BB009F86BF /* Preview Assets.xcassets */; };
		C224B4B0236882BB009F86BF /* LaunchScreen.storyboard in Resources */ = {isa = PBXBuildFile; fileRef = C224B4AE236882BB009F86BF /* LaunchScreen.storyboard */; };
		C224B4BB236882BB009F86BF /* AirPods_ProTests.swift in Sources */ = {isa = PBXBuildFile; fileRef = C224B4BA236882BB009F86BF /* AirPods_ProTests.swift */; };
		C224B4C6236882BB009F86BF /* AirPods_ProUITests.swift in Sources */ = {isa = PBXBuildFile; fileRef = C224B4C5236882BB009F86BF /* AirPods_ProUITests.swift */; };
/* End PBXBuildFile section */

/* Begin PBXContainerItemProxy section */
		C224B4B7236882BB009F86BF /* PBXContainerItemProxy */ = {
			isa = PBXContainerItemProxy;
			containerPortal = C224B498236882B5009F86BF /* Project object */;
			proxyType = 1;
			remoteGlobalIDString = C224B49F236882B5009F86BF;
			remoteInfo = "AirPods Pro";
		};
		C224B4C2236882BB009F86BF /* PBXContainerItemProxy */ = {
			isa = PBXContainerItemProxy;
			containerPortal = C224B498236882B5009F86BF /* Project object */;
			proxyType = 1;
			remoteGlobalIDString = C224B49F236882B5009F86BF;
			remoteInfo = "AirPods Pro";
		};
/* End PBXContainerItemProxy section */

/* Begin PBXFileReference section */
		C224B4A0236882B5009F86BF /* AirPods Pro.app */ = {isa = PBXFileReference; explicitFileType = wrapper.application; includeInIndex = 0; path = "AirPods Pro.app"; sourceTree = BUILT_PRODUCTS_DIR; };
		C224B4A3236882B5009F86BF /* AppDelegate.swift */ = {isa = PBXFileReference; lastKnownFileType = sourcecode.swift; path = AppDelegate.swift; sourceTree = "<group>"; };
		C224B4A5236882B5009F86BF /* SceneDelegate.swift */ = {isa = PBXFileReference; lastKnownFileType = sourcecode.swift; path = SceneDelegate.swift; sourceTree = "<group>"; };
		C224B4A7236882B5009F86BF /* ContentView.swift */ = {isa = PBXFileReference; lastKnownFileType = sourcecode.swift; path = ContentView.swift; sourceTree = "<group>"; };
		C224B4A9236882BB009F86BF /* Assets.xcassets */ = {isa = PBXFileReference; lastKnownFileType = folder.assetcatalog; path = Assets.xcassets; sourceTree = "<group>"; };
		C224B4AC236882BB009F86BF /* Preview Assets.xcassets */ = {isa = PBXFileReference; lastKnownFileType = folder.assetcatalog; path = "Preview Assets.xcassets"; sourceTree = "<group>"; };
		C224B4AF236882BB009F86BF /* Base */ = {isa = PBXFileReference; lastKnownFileType = file.storyboard; name = Base; path = Base.lproj/LaunchScreen.storyboard; sourceTree = "<group>"; };
		C224B4B1236882BB009F86BF /* Info.plist */ = {isa = PBXFileReference; lastKnownFileType = text.plist.xml; path = Info.plist; sourceTree = "<group>"; };
		C224B4B6236882BB009F86BF /* AirPods ProTests.xctest */ = {isa = PBXFileReference; explicitFileType = wrapper.cfbundle; includeInIndex = 0; path = "AirPods ProTests.xctest"; sourceTree = BUILT_PRODUCTS_DIR; };
		C224B4BA236882BB009F86BF /* AirPods_ProTests.swift */ = {isa = PBXFileReference; lastKnownFileType = sourcecode.swift; path = AirPods_ProTests.swift; sourceTree = "<group>"; };
		C224B4BC236882BB009F86BF /* Info.plist */ = {isa = PBXFileReference; lastKnownFileType = text.plist.xml; path = Info.plist; sourceTree = "<group>"; };
		C224B4C1236882BB009F86BF /* AirPods ProUITests.xctest */ = {isa = PBXFileReference; explicitFileType = wrapper.cfbundle; includeInIndex = 0; path = "AirPods ProUITests.xctest"; sourceTree = BUILT_PRODUCTS_DIR; };
		C224B4C5236882BB009F86BF /* AirPods_ProUITests.swift */ = {isa = PBXFileReference; lastKnownFileType = sourcecode.swift; path = AirPods_ProUITests.swift; sourceTree = "<group>"; };
		C224B4C7236882BB009F86BF /* Info.plist */ = {isa = PBXFileReference; lastKnownFileType = text.plist.xml; path = Info.plist; sourceTree = "<group>"; };
/* End PBXFileReference section */

/* Begin PBXFrameworksBuildPhase section */
		C224B49D236882B5009F86BF /* Frameworks */ = {
			isa = PBXFrameworksBuildPhase;
			buildActionMask = 2147483647;
			files = (
			);
			runOnlyForDeploymentPostprocessing = 0;
		};
		C224B4B3236882BB009F86BF /* Frameworks */ = {
			isa = PBXFrameworksBuildPhase;
			buildActionMask = 2147483647;
			files = (
			);
			runOnlyForDeploymentPostprocessing = 0;
		};
		C224B4BE236882BB009F86BF /* Frameworks */ = {
			isa = PBXFrameworksBuildPhase;
			buildActionMask = 2147483647;
			files = (
			);
			runOnlyForDeploymentPostprocessing = 0;
		};
/* End PBXFrameworksBuildPhase section */

/* Begin PBXGroup section */
		C224B497236882B5009F86BF = {
			isa = PBXGroup;
			children = (
				C224B4A2236882B5009F86BF /* AirPods Pro */,
				C224B4B9236882BB009F86BF /* AirPods ProTests */,
				C224B4C4236882BB009F86BF /* AirPods ProUITests */,
				C224B4A1236882B5009F86BF /* Products */,
			);
			sourceTree = "<group>";
		};
		C224B4A1236882B5009F86BF /* Products */ = {
			isa = PBXGroup;
			children = (
				C224B4A0236882B5009F86BF /* AirPods Pro.app */,
				C224B4B6236882BB009F86BF /* AirPods ProTests.xctest */,
				C224B4C1236882BB009F86BF /* AirPods ProUITests.xctest */,
			);
			name = Products;
			sourceTree = "<group>";
		};
		C224B4A2236882B5009F86BF /* AirPods Pro */ = {
			isa = PBXGroup;
			children = (
				C224B4A3236882B5009F86BF /* AppDelegate.swift */,
				C224B4A5236882B5009F86BF /* SceneDelegate.swift */,
				C224B4A7236882B5009F86BF /* ContentView.swift */,
				C224B4A9236882BB009F86BF /* Assets.xcassets */,
				C224B4AE236882BB009F86BF /* LaunchScreen.storyboard */,
				C224B4B1236882BB009F86BF /* Info.plist */,
				C224B4AB236882BB009F86BF /* Preview Content */,
			);
			path = "AirPods Pro";
			sourceTree = "<group>";
		};
		C224B4AB236882BB009F86BF /* Preview Content */ = {
			isa = PBXGroup;
			children = (
				C224B4AC236882BB009F86BF /* Preview Assets.xcassets */,
			);
			path = "Preview Content";
			sourceTree = "<group>";
		};
		C224B4B9236882BB009F86BF /* AirPods ProTests */ = {
			isa = PBXGroup;
			children = (
				C224B4BA236882BB009F86BF /* AirPods_ProTests.swift */,
				C224B4BC236882BB009F86BF /* Info.plist */,
			);
			path = "AirPods ProTests";
			sourceTree = "<group>";
		};
		C224B4C4236882BB009F86BF /* AirPods ProUITests */ = {
			isa = PBXGroup;
			children = (
				C224B4C5236882BB009F86BF /* AirPods_ProUITests.swift */,
				C224B4C7236882BB009F86BF /* Info.plist */,
			);
			path = "AirPods ProUITests";
			sourceTree = "<group>";
		};
/* End PBXGroup section */

/* Begin PBXNativeTarget section */
		C224B49F236882B5009F86BF /* AirPods Pro */ = {
			isa = PBXNativeTarget;
			buildConfigurationList = C224B4CA236882BB009F86BF /* Build configuration list for PBXNativeTarget "AirPods Pro" */;
			buildPhases = (
				C224B49C236882B5009F86BF /* Sources */,
				C224B49D236882B5009F86BF /* Frameworks */,
				C224B49E236882B5009F86BF /* Resources */,
			);
			buildRules = (
			);
			dependencies = (
			);
			name = "AirPods Pro";
			productName = "AirPods Pro";
			productReference = C224B4A0236882B5009F86BF /* AirPods Pro.app */;
			productType = "com.apple.product-type.application";
		};
		C224B4B5236882BB009F86BF /* AirPods ProTests */ = {
			isa = PBXNativeTarget;
			buildConfigurationList = C224B4CD236882BB009F86BF /* Build configuration list for PBXNativeTarget "AirPods ProTests" */;
			buildPhases = (
				C224B4B2236882BB009F86BF /* Sources */,
				C224B4B3236882BB009F86BF /* Frameworks */,
				C224B4B4236882BB009F86BF /* Resources */,
			);
			buildRules = (
			);
			dependencies = (
				C224B4B8236882BB009F86BF /* PBXTargetDependency */,
			);
			name = "AirPods ProTests";
			productName = "AirPods ProTests";
			productReference = C224B4B6236882BB009F86BF /* AirPods ProTests.xctest */;
			productType = "com.apple.product-type.bundle.unit-test";
		};
		C224B4C0236882BB009F86BF /* AirPods ProUITests */ = {
			isa = PBXNativeTarget;
			buildConfigurationList = C224B4D0236882BB009F86BF /* Build configuration list for PBXNativeTarget "AirPods ProUITests" */;
			buildPhases = (
				C224B4BD236882BB009F86BF /* Sources */,
				C224B4BE236882BB009F86BF /* Frameworks */,
				C224B4BF236882BB009F86BF /* Resources */,
			);
			buildRules = (
			);
			dependencies = (
				C224B4C3236882BB009F86BF /* PBXTargetDependency */,
			);
			name = "AirPods ProUITests";
			productName = "AirPods ProUITests";
			productReference = C224B4C1236882BB009F86BF /* AirPods ProUITests.xctest */;
			productType = "com.apple.product-type.bundle.ui-testing";
		};
/* End PBXNativeTarget section */

/* Begin PBXProject section */
		C224B498236882B5009F86BF /* Project object */ = {
			isa = PBXProject;
			attributes = {
				LastSwiftUpdateCheck = 1100;
				LastUpgradeCheck = 1100;
				ORGANIZATIONNAME = "McCoy Zhu";
				TargetAttributes = {
					C224B49F236882B5009F86BF = {
						CreatedOnToolsVersion = 11.0;
					};
					C224B4B5236882BB009F86BF = {
						CreatedOnToolsVersion = 11.0;
						TestTargetID = C224B49F236882B5009F86BF;
					};
					C224B4C0236882BB009F86BF = {
						CreatedOnToolsVersion = 11.0;
						TestTargetID = C224B49F236882B5009F86BF;
					};
				};
			};
			buildConfigurationList = C224B49B236882B5009F86BF /* Build configuration list for PBXProject "AirPods Pro" */;
			compatibilityVersion = "Xcode 9.3";
			developmentRegion = en;
			hasScannedForEncodings = 0;
			knownRegions = (
				en,
				Base,
			);
			mainGroup = C224B497236882B5009F86BF;
			productRefGroup = C224B4A1236882B5009F86BF /* Products */;
			projectDirPath = "";
			projectRoot = "";
			targets = (
				C224B49F236882B5009F86BF /* AirPods Pro */,
				C224B4B5236882BB009F86BF /* AirPods ProTests */,
				C224B4C0236882BB009F86BF /* AirPods ProUITests */,
			);
		};
/* End PBXProject section */

/* Begin PBXResourcesBuildPhase section */
		C224B49E236882B5009F86BF /* Resources */ = {
			isa = PBXResourcesBuildPhase;
			buildActionMask = 2147483647;
			files = (
				C224B4B0236882BB009F86BF /* LaunchScreen.storyboard in Resources */,
				C224B4AD236882BB009F86BF /* Preview Assets.xcassets in Resources */,
				C224B4AA236882BB009F86BF /* Assets.xcassets in Resources */,
			);
			runOnlyForDeploymentPostprocessing = 0;
		};
		C224B4B4236882BB009F86BF /* Resources */ = {
			isa = PBXResourcesBuildPhase;
			buildActionMask = 2147483647;
			files = (
			);
			runOnlyForDeploymentPostprocessing = 0;
		};
		C224B4BF236882BB009F86BF /* Resources */ = {
			isa = PBXResourcesBuildPhase;
			buildActionMask = 2147483647;
			files = (
			);
			runOnlyForDeploymentPostprocessing = 0;
		};
/* End PBXResourcesBuildPhase section */

/* Begin PBXSourcesBuildPhase section */
		C224B49C236882B5009F86BF /* Sources */ = {
			isa = PBXSourcesBuildPhase;
			buildActionMask = 2147483647;
			files = (
				C224B4A4236882B5009F86BF /* AppDelegate.swift in Sources */,
				C224B4A6236882B5009F86BF /* SceneDelegate.swift in Sources */,
				C224B4A8236882B5009F86BF /* ContentView.swift in Sources */,
			);
			runOnlyForDeploymentPostprocessing = 0;
		};
		C224B4B2236882BB009F86BF /* Sources */ = {
			isa = PBXSourcesBuildPhase;
			buildActionMask = 2147483647;
			files = (
				C224B4BB236882BB009F86BF /* AirPods_ProTests.swift in Sources */,
			);
			runOnlyForDeploymentPostprocessing = 0;
		};
		C224B4BD236882BB009F86BF /* Sources */ = {
			isa = PBXSourcesBuildPhase;
			buildActionMask = 2147483647;
			files = (
				C224B4C6236882BB009F86BF /* AirPods_ProUITests.swift in Sources */,
			);
			runOnlyForDeploymentPostprocessing = 0;
		};
/* End PBXSourcesBuildPhase section */

/* Begin PBXTargetDependency section */
		C224B4B8236882BB009F86BF /* PBXTargetDependency */ = {
			isa = PBXTargetDependency;
			target = C224B49F236882B5009F86BF /* AirPods Pro */;
			targetProxy = C224B4B7236882BB009F86BF /* PBXContainerItemProxy */;
		};
		C224B4C3236882BB009F86BF /* PBXTargetDependency */ = {
			isa = PBXTargetDependency;
			target = C224B49F236882B5009F86BF /* AirPods Pro */;
			targetProxy = C224B4C2236882BB009F86BF /* PBXContainerItemProxy */;
		};
/* End PBXTargetDependency section */

/* Begin PBXVariantGroup section */
		C224B4AE236882BB009F86BF /* LaunchScreen.storyboard */ = {
			isa = PBXVariantGroup;
			children = (
				C224B4AF236882BB009F86BF /* Base */,
			);
			name = LaunchScreen.storyboard;
			sourceTree = "<group>";
		};
/* End PBXVariantGroup section */

/* Begin XCBuildConfiguration section */
		C224B4C8236882BB009F86BF /* Debug */ = {
			isa = XCBuildConfiguration;
			buildSettings = {
				ALWAYS_SEARCH_USER_PATHS = NO;
				CLANG_ANALYZER_NONNULL = YES;
				CLANG_ANALYZER_NUMBER_OBJECT_CONVERSION = YES_AGGRESSIVE;
				CLANG_CXX_LANGUAGE_STANDARD = "gnu++14";
				CLANG_CXX_LIBRARY = "libc++";
				CLANG_ENABLE_MODULES = YES;
				CLANG_ENABLE_OBJC_ARC = YES;
				CLANG_ENABLE_OBJC_WEAK = YES;
				CLANG_WARN_BLOCK_CAPTURE_AUTORELEASING = YES;
				CLANG_WARN_BOOL_CONVERSION = YES;
				CLANG_WARN_COMMA = YES;
				CLANG_WARN_CONSTANT_CONVERSION = YES;
				CLANG_WARN_DEPRECATED_OBJC_IMPLEMENTATIONS = YES;
				CLANG_WARN_DIRECT_OBJC_ISA_USAGE = YES_ERROR;
				CLANG_WARN_DOCUMENTATION_COMMENTS = YES;
				CLANG_WARN_EMPTY_BODY = YES;
				CLANG_WARN_ENUM_CONVERSION = YES;
				CLANG_WARN_INFINITE_RECURSION = YES;
				CLANG_WARN_INT_CONVERSION = YES;
				CLANG_WARN_NON_LITERAL_NULL_CONVERSION = YES;
				CLANG_WARN_OBJC_IMPLICIT_RETAIN_SELF = YES;
				CLANG_WARN_OBJC_LITERAL_CONVERSION = YES;
				CLANG_WARN_OBJC_ROOT_CLASS = YES_ERROR;
				CLANG_WARN_RANGE_LOOP_ANALYSIS = YES;
				CLANG_WARN_STRICT_PROTOTYPES = YES;
				CLANG_WARN_SUSPICIOUS_MOVE = YES;
				CLANG_WARN_UNGUARDED_AVAILABILITY = YES_AGGRESSIVE;
				CLANG_WARN_UNREACHABLE_CODE = YES;
				CLANG_WARN__DUPLICATE_METHOD_MATCH = YES;
				COPY_PHASE_STRIP = NO;
				DEBUG_INFORMATION_FORMAT = dwarf;
				ENABLE_STRICT_OBJC_MSGSEND = YES;
				ENABLE_TESTABILITY = YES;
				GCC_C_LANGUAGE_STANDARD = gnu11;
				GCC_DYNAMIC_NO_PIC = NO;
				GCC_NO_COMMON_BLOCKS = YES;
				GCC_OPTIMIZATION_LEVEL = 0;
				GCC_PREPROCESSOR_DEFINITIONS = (
					"DEBUG=1",
					"$(inherited)",
				);
				GCC_WARN_64_TO_32_BIT_CONVERSION = YES;
				GCC_WARN_ABOUT_RETURN_TYPE = YES_ERROR;
				GCC_WARN_UNDECLARED_SELECTOR = YES;
				GCC_WARN_UNINITIALIZED_AUTOS = YES_AGGRESSIVE;
				GCC_WARN_UNUSED_FUNCTION = YES;
				GCC_WARN_UNUSED_VARIABLE = YES;
				IPHONEOS_DEPLOYMENT_TARGET = 13.0;
				MTL_ENABLE_DEBUG_INFO = INCLUDE_SOURCE;
				MTL_FAST_MATH = YES;
				ONLY_ACTIVE_ARCH = YES;
				SDKROOT = iphoneos;
				SWIFT_ACTIVE_COMPILATION_CONDITIONS = DEBUG;
				SWIFT_OPTIMIZATION_LEVEL = "-Onone";
			};
			name = Debug;
		};
		C224B4C9236882BB009F86BF /* Release */ = {
			isa = XCBuildConfiguration;
			buildSettings = {
				ALWAYS_SEARCH_USER_PATHS = NO;
				CLANG_ANALYZER_NONNULL = YES;
				CLANG_ANALYZER_NUMBER_OBJECT_CONVERSION = YES_AGGRESSIVE;
				CLANG_CXX_LANGUAGE_STANDARD = "gnu++14";
				CLANG_CXX_LIBRARY = "libc++";
				CLANG_ENABLE_MODULES = YES;
				CLANG_ENABLE_OBJC_ARC = YES;
				CLANG_ENABLE_OBJC_WEAK = YES;
				CLANG_WARN_BLOCK_CAPTURE_AUTORELEASING = YES;
				CLANG_WARN_BOOL_CONVERSION = YES;
				CLANG_WARN_COMMA = YES;
				CLANG_WARN_CONSTANT_CONVERSION = YES;
				CLANG_WARN_DEPRECATED_OBJC_IMPLEMENTATIONS = YES;
				CLANG_WARN_DIRECT_OBJC_ISA_USAGE = YES_ERROR;
				CLANG_WARN_DOCUMENTATION_COMMENTS = YES;
				CLANG_WARN_EMPTY_BODY = YES;
				CLANG_WARN_ENUM_CONVERSION = YES;
				CLANG_WARN_INFINITE_RECURSION = YES;
				CLANG_WARN_INT_CONVERSION = YES;
				CLANG_WARN_NON_LITERAL_NULL_CONVERSION = YES;
				CLANG_WARN_OBJC_IMPLICIT_RETAIN_SELF = YES;
				CLANG_WARN_OBJC_LITERAL_CONVERSION = YES;
				CLANG_WARN_OBJC_ROOT_CLASS = YES_ERROR;
				CLANG_WARN_RANGE_LOOP_ANALYSIS = YES;
				CLANG_WARN_STRICT_PROTOTYPES = YES;
				CLANG_WARN_SUSPICIOUS_MOVE = YES;
				CLANG_WARN_UNGUARDED_AVAILABILITY = YES_AGGRESSIVE;
				CLANG_WARN_UNREACHABLE_CODE = YES;
				CLANG_WARN__DUPLICATE_METHOD_MATCH = YES;
				COPY_PHASE_STRIP = NO;
				DEBUG_INFORMATION_FORMAT = "dwarf-with-dsym";
				ENABLE_NS_ASSERTIONS = NO;
				ENABLE_STRICT_OBJC_MSGSEND = YES;
				GCC_C_LANGUAGE_STANDARD = gnu11;
				GCC_NO_COMMON_BLOCKS = YES;
				GCC_WARN_64_TO_32_BIT_CONVERSION = YES;
				GCC_WARN_ABOUT_RETURN_TYPE = YES_ERROR;
				GCC_WARN_UNDECLARED_SELECTOR = YES;
				GCC_WARN_UNINITIALIZED_AUTOS = YES_AGGRESSIVE;
				GCC_WARN_UNUSED_FUNCTION = YES;
				GCC_WARN_UNUSED_VARIABLE = YES;
				IPHONEOS_DEPLOYMENT_TARGET = 13.0;
				MTL_ENABLE_DEBUG_INFO = NO;
				MTL_FAST_MATH = YES;
				SDKROOT = iphoneos;
				SWIFT_COMPILATION_MODE = wholemodule;
				SWIFT_OPTIMIZATION_LEVEL = "-O";
				VALIDATE_PRODUCT = YES;
			};
			name = Release;
		};
		C224B4CB236882BB009F86BF /* Debug */ = {
			isa = XCBuildConfiguration;
			buildSettings = {
				ASSETCATALOG_COMPILER_APPICON_NAME = AppIcon;
				CODE_SIGN_STYLE = Automatic;
				DEVELOPMENT_ASSET_PATHS = "\"AirPods Pro/Preview Content\"";
				DEVELOPMENT_TEAM = MGM7CAKZL4;
				ENABLE_PREVIEWS = YES;
				INFOPLIST_FILE = "AirPods Pro/Info.plist";
				LD_RUNPATH_SEARCH_PATHS = (
					"$(inherited)",
					"@executable_path/Frameworks",
				);
				PRODUCT_BUNDLE_IDENTIFIER = "McCoy.AirPods-Pro";
				PRODUCT_NAME = "$(TARGET_NAME)";
				SWIFT_VERSION = 5.0;
				TARGETED_DEVICE_FAMILY = "1,2";
			};
			name = Debug;
		};
		C224B4CC236882BB009F86BF /* Release */ = {
			isa = XCBuildConfiguration;
			buildSettings = {
				ASSETCATALOG_COMPILER_APPICON_NAME = AppIcon;
				CODE_SIGN_STYLE = Automatic;
				DEVELOPMENT_ASSET_PATHS = "\"AirPods Pro/Preview Content\"";
				DEVELOPMENT_TEAM = MGM7CAKZL4;
				ENABLE_PREVIEWS = YES;
				INFOPLIST_FILE = "AirPods Pro/Info.plist";
				LD_RUNPATH_SEARCH_PATHS = (
					"$(inherited)",
					"@executable_path/Frameworks",
				);
				PRODUCT_BUNDLE_IDENTIFIER = "McCoy.AirPods-Pro";
				PRODUCT_NAME = "$(TARGET_NAME)";
				SWIFT_VERSION = 5.0;
				TARGETED_DEVICE_FAMILY = "1,2";
			};
			name = Release;
		};
		C224B4CE236882BB009F86BF /* Debug */ = {
			isa = XCBuildConfiguration;
			buildSettings = {
				ALWAYS_EMBED_SWIFT_STANDARD_LIBRARIES = YES;
				BUNDLE_LOADER = "$(TEST_HOST)";
				CODE_SIGN_STYLE = Automatic;
				DEVELOPMENT_TEAM = MGM7CAKZL4;
				INFOPLIST_FILE = "AirPods ProTests/Info.plist";
				IPHONEOS_DEPLOYMENT_TARGET = 13.0;
				LD_RUNPATH_SEARCH_PATHS = (
					"$(inherited)",
					"@executable_path/Frameworks",
					"@loader_path/Frameworks",
				);
				PRODUCT_BUNDLE_IDENTIFIER = "McCoy.AirPods-ProTests";
				PRODUCT_NAME = "$(TARGET_NAME)";
				SWIFT_VERSION = 5.0;
				TARGETED_DEVICE_FAMILY = "1,2";
				TEST_HOST = "$(BUILT_PRODUCTS_DIR)/AirPods Pro.app/AirPods Pro";
			};
			name = Debug;
		};
		C224B4CF236882BB009F86BF /* Release */ = {
			isa = XCBuildConfiguration;
			buildSettings = {
				ALWAYS_EMBED_SWIFT_STANDARD_LIBRARIES = YES;
				BUNDLE_LOADER = "$(TEST_HOST)";
				CODE_SIGN_STYLE = Automatic;
				DEVELOPMENT_TEAM = MGM7CAKZL4;
				INFOPLIST_FILE = "AirPods ProTests/Info.plist";
				IPHONEOS_DEPLOYMENT_TARGET = 13.0;
				LD_RUNPATH_SEARCH_PATHS = (
					"$(inherited)",
					"@executable_path/Frameworks",
					"@loader_path/Frameworks",
				);
				PRODUCT_BUNDLE_IDENTIFIER = "McCoy.AirPods-ProTests";
				PRODUCT_NAME = "$(TARGET_NAME)";
				SWIFT_VERSION = 5.0;
				TARGETED_DEVICE_FAMILY = "1,2";
				TEST_HOST = "$(BUILT_PRODUCTS_DIR)/AirPods Pro.app/AirPods Pro";
			};
			name = Release;
		};
		C224B4D1236882BB009F86BF /* Debug */ = {
			isa = XCBuildConfiguration;
			buildSettings = {
				ALWAYS_EMBED_SWIFT_STANDARD_LIBRARIES = YES;
				CODE_SIGN_STYLE = Automatic;
				DEVELOPMENT_TEAM = MGM7CAKZL4;
				INFOPLIST_FILE = "AirPods ProUITests/Info.plist";
				LD_RUNPATH_SEARCH_PATHS = (
					"$(inherited)",
					"@executable_path/Frameworks",
					"@loader_path/Frameworks",
				);
				PRODUCT_BUNDLE_IDENTIFIER = "McCoy.AirPods-ProUITests";
				PRODUCT_NAME = "$(TARGET_NAME)";
				SWIFT_VERSION = 5.0;
				TARGETED_DEVICE_FAMILY = "1,2";
				TEST_TARGET_NAME = "AirPods Pro";
			};
			name = Debug;
		};
		C224B4D2236882BB009F86BF /* Release */ = {
			isa = XCBuildConfiguration;
			buildSettings = {
				ALWAYS_EMBED_SWIFT_STANDARD_LIBRARIES = YES;
				CODE_SIGN_STYLE = Automatic;
				DEVELOPMENT_TEAM = MGM7CAKZL4;
				INFOPLIST_FILE = "AirPods ProUITests/Info.plist";
				LD_RUNPATH_SEARCH_PATHS = (
					"$(inherited)",
					"@executable_path/Frameworks",
					"@loader_path/Frameworks",
				);
				PRODUCT_BUNDLE_IDENTIFIER = "McCoy.AirPods-ProUITests";
				PRODUCT_NAME = "$(TARGET_NAME)";
				SWIFT_VERSION = 5.0;
				TARGETED_DEVICE_FAMILY = "1,2";
				TEST_TARGET_NAME = "AirPods Pro";
			};
			name = Release;
		};
/* End XCBuildConfiguration section */

/* Begin XCConfigurationList section */
		C224B49B236882B5009F86BF /* Build configuration list for PBXProject "AirPods Pro" */ = {
			isa = XCConfigurationList;
			buildConfigurations = (
				C224B4C8236882BB009F86BF /* Debug */,
				C224B4C9236882BB009F86BF /* Release */,
			);
			defaultConfigurationIsVisible = 0;
			defaultConfigurationName = Release;
		};
		C224B4CA236882BB009F86BF /* Build configuration list for PBXNativeTarget "AirPods Pro" */ = {
			isa = XCConfigurationList;
			buildConfigurations = (
				C224B4CB236882BB009F86BF /* Debug */,
				C224B4CC236882BB009F86BF /* Release */,
			);
			defaultConfigurationIsVisible = 0;
			defaultConfigurationName = Release;
		};
		C224B4CD236882BB009F86BF /* Build configuration list for PBXNativeTarget "AirPods ProTests" */ = {
			isa = XCConfigurationList;
			buildConfigurations = (
				C224B4CE236882BB009F86BF /* Debug */,
				C224B4CF236882BB009F86BF /* Release */,
			);
			defaultConfigurationIsVisible = 0;
			defaultConfigurationName = Release;
		};
		C224B4D0236882BB009F86BF /* Build configuration list for PBXNativeTarget "AirPods ProUITests" */ = {
			isa = XCConfigurationList;
			buildConfigurations = (
				C224B4D1236882BB009F86BF /* Debug */,
				C224B4D2236882BB009F86BF /* Release */,
			);
			defaultConfigurationIsVisible = 0;
			defaultConfigurationName = Release;
		};
/* End XCConfigurationList section */
	};
	rootObject = C224B498236882B5009F86BF /* Project object */;
}
